
Microsoft Visual Studio Solution File, Format Version 12.00
# Visual Studio Version 17
VisualStudioVersion = 17.10.34916.146
MinimumVisualStudioVersion = 10.0.40219.1
Project("{9A19103F-16F7-4668-BE54-9A1E7A4F7556}") = "StoreABC", "StoreABC.csproj", "{F240E6A3-63D6-4F11-B0CC-71A6F2D5666B}"
EndProject
Project("{9A19103F-16F7-4668-BE54-9A1E7A4F7556}") = "StoreABCUnitTests", "..\StoreABCUnitTests\StoreABCUnitTests.csproj", "{AD130171-B9F4-44F1-A903-FE91795C2E61}"
EndProject
Global
	GlobalSection(SolutionConfigurationPlatforms) = preSolution
		Debug|Any CPU = Debug|Any CPU
		Release|Any CPU = Release|Any CPU
	EndGlobalSection
	GlobalSection(ProjectConfigurationPlatforms) = postSolution
		{F240E6A3-63D6-4F11-B0CC-71A6F2D5666B}.Debug|Any CPU.ActiveCfg = Debug|Any CPU
		{F240E6A3-63D6-4F11-B0CC-71A6F2D5666B}.Debug|Any CPU.Build.0 = Debug|Any CPU
		{F240E6A3-63D6-4F11-B0CC-71A6F2D5666B}.Release|Any CPU.ActiveCfg = Release|Any CPU
		{F240E6A3-63D6-4F11-B0CC-71A6F2D5666B}.Release|Any CPU.Build.0 = Release|Any CPU
		{AD130171-B9F4-44F1-A903-FE91795C2E61}.Debug|Any CPU.ActiveCfg = Debug|Any CPU
		{AD130171-B9F4-44F1-A903-FE91795C2E61}.Debug|Any CPU.Build.0 = Debug|Any CPU
		{AD130171-B9F4-44F1-A903-FE91795C2E61}.Release|Any CPU.ActiveCfg = Release|Any CPU
		{AD130171-B9F4-44F1-A903-FE91795C2E61}.Release|Any CPU.Build.0 = Release|Any CPU
	EndGlobalSection
	GlobalSection(SolutionProperties) = preSolution
		HideSolutionNode = FALSE
	EndGlobalSection
	GlobalSection(ExtensibilityGlobals) = postSolution
		SolutionGuid = {963ADC87-EC88-43FA-820D-8D6F96D78867}
	EndGlobalSection
EndGlobal
